// !$*UTF8*$!
{
	archiveVersion = 1;
	classes = {
	};
	objectVersion = 50;
	objects = {

/* Begin PBXBuildFile section */
		430EB99F21F0D92A004B09E0 /* main.swift in Sources */ = {isa = PBXBuildFile; fileRef = 430EB99E21F0D92A004B09E0 /* main.swift */; };
		430EB9AA21F0DC14004B09E0 /* Settings.swift in Sources */ = {isa = PBXBuildFile; fileRef = 430EB9A921F0DC14004B09E0 /* Settings.swift */; };
		430EB9AC21F0DD55004B09E0 /* Game.swift in Sources */ = {isa = PBXBuildFile; fileRef = 430EB9AB21F0DD55004B09E0 /* Game.swift */; };
		430EB9B321F0E3DF004B09E0 /* InputHandling.swift in Sources */ = {isa = PBXBuildFile; fileRef = 430EB9B021F0E3DF004B09E0 /* InputHandling.swift */; };
		430EB9B421F0E3DF004B09E0 /* IOReader.swift in Sources */ = {isa = PBXBuildFile; fileRef = 430EB9B221F0E3DF004B09E0 /* IOReader.swift */; };
		430EB9B621F0E3FF004B09E0 /* IOWriter.swift in Sources */ = {isa = PBXBuildFile; fileRef = 430EB9B521F0E3FF004B09E0 /* IOWriter.swift */; };
		430EB9B821F0E6DE004B09E0 /* MockIO.swift in Sources */ = {isa = PBXBuildFile; fileRef = 430EB9B721F0E6DE004B09E0 /* MockIO.swift */; };
		430EB9BA21F0EE5B004B09E0 /* Strings.swift in Sources */ = {isa = PBXBuildFile; fileRef = 430EB9B921F0EE5B004B09E0 /* Strings.swift */; };
		430EB9BC21F21067004B09E0 /* ScannerWrapper.swift in Sources */ = {isa = PBXBuildFile; fileRef = 430EB9BB21F21067004B09E0 /* ScannerWrapper.swift */; };
		430EB9CA21F212A4004B09E0 /* ScannerWrapperTests.swift in Sources */ = {isa = PBXBuildFile; fileRef = 430EB9C921F212A4004B09E0 /* ScannerWrapperTests.swift */; };
		43CC77E621F2213800D8A500 /* ScannerWrapper.swift in Sources */ = {isa = PBXBuildFile; fileRef = 430EB9BB21F21067004B09E0 /* ScannerWrapper.swift */; };
		43CC77EB21F5142A00D8A500 /* Parser.swift in Sources */ = {isa = PBXBuildFile; fileRef = 43CC77EA21F5142A00D8A500 /* Parser.swift */; };
		43CC77EE21F5147900D8A500 /* Paragraph.swift in Sources */ = {isa = PBXBuildFile; fileRef = 43CC77ED21F5147900D8A500 /* Paragraph.swift */; };
		43CC77F021F514B000D8A500 /* ParserTests.swift in Sources */ = {isa = PBXBuildFile; fileRef = 43CC77EF21F514B000D8A500 /* ParserTests.swift */; };
		43CC77F121F514CF00D8A500 /* Parser.swift in Sources */ = {isa = PBXBuildFile; fileRef = 43CC77EA21F5142A00D8A500 /* Parser.swift */; };
		43CC77F421F5158800D8A500 /* MockIOWriter.swift in Sources */ = {isa = PBXBuildFile; fileRef = 43CC77F321F5158800D8A500 /* MockIOWriter.swift */; };
		43CC77F521F515A700D8A500 /* IOWriter.swift in Sources */ = {isa = PBXBuildFile; fileRef = 430EB9B521F0E3FF004B09E0 /* IOWriter.swift */; };
		43CC77F621F5164400D8A500 /* Paragraph.swift in Sources */ = {isa = PBXBuildFile; fileRef = 43CC77ED21F5147900D8A500 /* Paragraph.swift */; };
		43CC780721F5289400D8A500 /* adventure.txt in CopyFiles */ = {isa = PBXBuildFile; fileRef = 43CC780421F5259100D8A500 /* adventure.txt */; };
/* End PBXBuildFile section */

/* Begin PBXContainerItemProxy section */
		43CC77E421F2159900D8A500 /* PBXContainerItemProxy */ = {
			isa = PBXContainerItemProxy;
			containerPortal = 430EB99321F0D92A004B09E0 /* Project object */;
			proxyType = 1;
			remoteGlobalIDString = 430EB99A21F0D92A004B09E0;
			remoteInfo = CYOA;
		};
/* End PBXContainerItemProxy section */

/* Begin PBXCopyFilesBuildPhase section */
		430EB99921F0D92A004B09E0 /* CopyFiles */ = {
			isa = PBXCopyFilesBuildPhase;
			buildActionMask = 12;
			dstPath = "";
			dstSubfolderSpec = 16;
			files = (
				43CC780721F5289400D8A500 /* adventure.txt in CopyFiles */,
			);
			runOnlyForDeploymentPostprocessing = 0;
		};
/* End PBXCopyFilesBuildPhase section */

/* Begin PBXFileReference section */
		430EB99B21F0D92A004B09E0 /* CYOA */ = {isa = PBXFileReference; explicitFileType = "compiled.mach-o.executable"; includeInIndex = 0; path = CYOA; sourceTree = BUILT_PRODUCTS_DIR; };
		430EB99E21F0D92A004B09E0 /* main.swift */ = {isa = PBXFileReference; lastKnownFileType = sourcecode.swift; path = main.swift; sourceTree = "<group>"; };
		430EB9A921F0DC14004B09E0 /* Settings.swift */ = {isa = PBXFileReference; lastKnownFileType = sourcecode.swift; path = Settings.swift; sourceTree = "<group>"; };
		430EB9AB21F0DD55004B09E0 /* Game.swift */ = {isa = PBXFileReference; lastKnownFileType = sourcecode.swift; path = Game.swift; sourceTree = "<group>"; };
		430EB9B021F0E3DF004B09E0 /* InputHandling.swift */ = {isa = PBXFileReference; fileEncoding = 4; lastKnownFileType = sourcecode.swift; path = InputHandling.swift; sourceTree = "<group>"; };
		430EB9B221F0E3DF004B09E0 /* IOReader.swift */ = {isa = PBXFileReference; fileEncoding = 4; lastKnownFileType = sourcecode.swift; path = IOReader.swift; sourceTree = "<group>"; };
		430EB9B521F0E3FF004B09E0 /* IOWriter.swift */ = {isa = PBXFileReference; lastKnownFileType = sourcecode.swift; path = IOWriter.swift; sourceTree = "<group>"; };
		430EB9B721F0E6DE004B09E0 /* MockIO.swift */ = {isa = PBXFileReference; lastKnownFileType = sourcecode.swift; path = MockIO.swift; sourceTree = "<group>"; };
		430EB9B921F0EE5B004B09E0 /* Strings.swift */ = {isa = PBXFileReference; lastKnownFileType = sourcecode.swift; path = Strings.swift; sourceTree = "<group>"; };
		430EB9BB21F21067004B09E0 /* ScannerWrapper.swift */ = {isa = PBXFileReference; lastKnownFileType = sourcecode.swift; path = ScannerWrapper.swift; sourceTree = "<group>"; };
		430EB9C121F210DA004B09E0 /* CYOATests.xctest */ = {isa = PBXFileReference; explicitFileType = wrapper.cfbundle; includeInIndex = 0; path = CYOATests.xctest; sourceTree = BUILT_PRODUCTS_DIR; };
		430EB9C921F212A4004B09E0 /* ScannerWrapperTests.swift */ = {isa = PBXFileReference; lastKnownFileType = sourcecode.swift; path = ScannerWrapperTests.swift; sourceTree = "<group>"; };
		43CC77E821F2221E00D8A500 /* Info.plist */ = {isa = PBXFileReference; fileEncoding = 4; lastKnownFileType = text.plist.xml; path = Info.plist; sourceTree = "<group>"; };
		43CC77EA21F5142A00D8A500 /* Parser.swift */ = {isa = PBXFileReference; lastKnownFileType = sourcecode.swift; path = Parser.swift; sourceTree = "<group>"; };
		43CC77ED21F5147900D8A500 /* Paragraph.swift */ = {isa = PBXFileReference; lastKnownFileType = sourcecode.swift; path = Paragraph.swift; sourceTree = "<group>"; };
		43CC77EF21F514B000D8A500 /* ParserTests.swift */ = {isa = PBXFileReference; lastKnownFileType = sourcecode.swift; path = ParserTests.swift; sourceTree = "<group>"; };
		43CC77F321F5158800D8A500 /* MockIOWriter.swift */ = {isa = PBXFileReference; lastKnownFileType = sourcecode.swift; path = MockIOWriter.swift; sourceTree = "<group>"; };
		43CC780421F5259100D8A500 /* adventure.txt */ = {isa = PBXFileReference; fileEncoding = 4; lastKnownFileType = text; path = adventure.txt; sourceTree = "<group>"; };
/* End PBXFileReference section */

/* Begin PBXFrameworksBuildPhase section */
		430EB99821F0D92A004B09E0 /* Frameworks */ = {
			isa = PBXFrameworksBuildPhase;
			buildActionMask = 2147483647;
			files = (
			);
			runOnlyForDeploymentPostprocessing = 0;
		};
		430EB9BE21F210DA004B09E0 /* Frameworks */ = {
			isa = PBXFrameworksBuildPhase;
			buildActionMask = 2147483647;
			files = (
			);
			runOnlyForDeploymentPostprocessing = 0;
		};
/* End PBXFrameworksBuildPhase section */

/* Begin PBXGroup section */
		430EB99221F0D92A004B09E0 = {
			isa = PBXGroup;
			children = (
				430EB99D21F0D92A004B09E0 /* CYOA */,
				430EB9C221F210DA004B09E0 /* CYOATests */,
				430EB99C21F0D92A004B09E0 /* Products */,
			);
			sourceTree = "<group>";
		};
		430EB99C21F0D92A004B09E0 /* Products */ = {
			isa = PBXGroup;
			children = (
				430EB99B21F0D92A004B09E0 /* CYOA */,
				430EB9C121F210DA004B09E0 /* CYOATests.xctest */,
			);
			name = Products;
			sourceTree = "<group>";
		};
		430EB99D21F0D92A004B09E0 /* CYOA */ = {
			isa = PBXGroup;
			children = (
				43CC77F821F51EE000D8A500 /* Adventures */,
				43CC77EC21F5146F00D8A500 /* Model */,
				430EB9AF21F0E3DF004B09E0 /* IO */,
				430EB9AB21F0DD55004B09E0 /* Game.swift */,
				43CC77EA21F5142A00D8A500 /* Parser.swift */,
				430EB9A921F0DC14004B09E0 /* Settings.swift */,
				430EB9B921F0EE5B004B09E0 /* Strings.swift */,
				430EB99E21F0D92A004B09E0 /* main.swift */,
			);
			path = CYOA;
			sourceTree = "<group>";
		};
		430EB9AF21F0E3DF004B09E0 /* IO */ = {
			isa = PBXGroup;
			children = (
				430EB9B121F0E3DF004B09E0 /* Protocols */,
				430EB9B021F0E3DF004B09E0 /* InputHandling.swift */,
				430EB9B721F0E6DE004B09E0 /* MockIO.swift */,
				430EB9BB21F21067004B09E0 /* ScannerWrapper.swift */,
			);
			path = IO;
			sourceTree = "<group>";
		};
		430EB9B121F0E3DF004B09E0 /* Protocols */ = {
			isa = PBXGroup;
			children = (
				430EB9B221F0E3DF004B09E0 /* IOReader.swift */,
				430EB9B521F0E3FF004B09E0 /* IOWriter.swift */,
			);
			path = Protocols;
			sourceTree = "<group>";
		};
		430EB9C221F210DA004B09E0 /* CYOATests */ = {
			isa = PBXGroup;
			children = (
				43CC77F221F5157700D8A500 /* Mocks */,
				43CC77EF21F514B000D8A500 /* ParserTests.swift */,
				430EB9C921F212A4004B09E0 /* ScannerWrapperTests.swift */,
				43CC77E821F2221E00D8A500 /* Info.plist */,
			);
			path = CYOATests;
			sourceTree = "<group>";
		};
		43CC77EC21F5146F00D8A500 /* Model */ = {
			isa = PBXGroup;
			children = (
				43CC77ED21F5147900D8A500 /* Paragraph.swift */,
			);
			path = Model;
			sourceTree = "<group>";
		};
		43CC77F221F5157700D8A500 /* Mocks */ = {
			isa = PBXGroup;
			children = (
				43CC77F321F5158800D8A500 /* MockIOWriter.swift */,
			);
			path = Mocks;
			sourceTree = "<group>";
		};
		43CC77F821F51EE000D8A500 /* Adventures */ = {
			isa = PBXGroup;
			children = (
				43CC780421F5259100D8A500 /* adventure.txt */,
			);
			path = Adventures;
			sourceTree = "<group>";
		};
/* End PBXGroup section */

/* Begin PBXNativeTarget section */
		430EB99A21F0D92A004B09E0 /* CYOA */ = {
			isa = PBXNativeTarget;
			buildConfigurationList = 430EB9A221F0D92A004B09E0 /* Build configuration list for PBXNativeTarget "CYOA" */;
			buildPhases = (
				430EB99721F0D92A004B09E0 /* Sources */,
				430EB99821F0D92A004B09E0 /* Frameworks */,
				43CC780021F5248B00D8A500 /* Resources */,
				430EB99921F0D92A004B09E0 /* CopyFiles */,
			);
			buildRules = (
			);
			dependencies = (
			);
			name = CYOA;
			productName = CYOA;
			productReference = 430EB99B21F0D92A004B09E0 /* CYOA */;
			productType = "com.apple.product-type.tool";
		};
		430EB9C021F210DA004B09E0 /* CYOATests */ = {
			isa = PBXNativeTarget;
			buildConfigurationList = 430EB9C621F210DA004B09E0 /* Build configuration list for PBXNativeTarget "CYOATests" */;
			buildPhases = (
				430EB9BD21F210DA004B09E0 /* Sources */,
				430EB9BE21F210DA004B09E0 /* Frameworks */,
				430EB9BF21F210DA004B09E0 /* Resources */,
			);
			buildRules = (
			);
			dependencies = (
				43CC77E521F2159900D8A500 /* PBXTargetDependency */,
			);
			name = CYOATests;
			productName = CYOATests;
			productReference = 430EB9C121F210DA004B09E0 /* CYOATests.xctest */;
			productType = "com.apple.product-type.bundle.unit-test";
		};
/* End PBXNativeTarget section */

/* Begin PBXProject section */
		430EB99321F0D92A004B09E0 /* Project object */ = {
			isa = PBXProject;
			attributes = {
				LastSwiftUpdateCheck = 1010;
				LastUpgradeCheck = 1010;
				ORGANIZATIONNAME = ThomasW;
				TargetAttributes = {
					430EB99A21F0D92A004B09E0 = {
						CreatedOnToolsVersion = 10.1;
					};
					430EB9C021F210DA004B09E0 = {
						CreatedOnToolsVersion = 10.1;
					};
				};
			};
			buildConfigurationList = 430EB99621F0D92A004B09E0 /* Build configuration list for PBXProject "CYOA" */;
			compatibilityVersion = "Xcode 9.3";
			developmentRegion = en;
			hasScannedForEncodings = 0;
			knownRegions = (
				en,
			);
			mainGroup = 430EB99221F0D92A004B09E0;
			productRefGroup = 430EB99C21F0D92A004B09E0 /* Products */;
			projectDirPath = "";
			projectRoot = "";
			targets = (
				430EB99A21F0D92A004B09E0 /* CYOA */,
				430EB9C021F210DA004B09E0 /* CYOATests */,
			);
		};
/* End PBXProject section */

/* Begin PBXResourcesBuildPhase section */
		430EB9BF21F210DA004B09E0 /* Resources */ = {
			isa = PBXResourcesBuildPhase;
			buildActionMask = 2147483647;
			files = (
			);
			runOnlyForDeploymentPostprocessing = 0;
		};
		43CC780021F5248B00D8A500 /* Resources */ = {
			isa = PBXResourcesBuildPhase;
			buildActionMask = 2147483647;
			files = (
			);
			runOnlyForDeploymentPostprocessing = 0;
		};
/* End PBXResourcesBuildPhase section */

/* Begin PBXSourcesBuildPhase section */
		430EB99721F0D92A004B09E0 /* Sources */ = {
			isa = PBXSourcesBuildPhase;
			buildActionMask = 2147483647;
			files = (
				430EB9B621F0E3FF004B09E0 /* IOWriter.swift in Sources */,
				430EB9AA21F0DC14004B09E0 /* Settings.swift in Sources */,
				43CC77EE21F5147900D8A500 /* Paragraph.swift in Sources */,
				43CC77EB21F5142A00D8A500 /* Parser.swift in Sources */,
				430EB9BC21F21067004B09E0 /* ScannerWrapper.swift in Sources */,
				430EB9BA21F0EE5B004B09E0 /* Strings.swift in Sources */,
				430EB99F21F0D92A004B09E0 /* main.swift in Sources */,
				430EB9B821F0E6DE004B09E0 /* MockIO.swift in Sources */,
				430EB9AC21F0DD55004B09E0 /* Game.swift in Sources */,
				430EB9B321F0E3DF004B09E0 /* InputHandling.swift in Sources */,
				430EB9B421F0E3DF004B09E0 /* IOReader.swift in Sources */,
			);
			runOnlyForDeploymentPostprocessing = 0;
		};
		430EB9BD21F210DA004B09E0 /* Sources */ = {
			isa = PBXSourcesBuildPhase;
			buildActionMask = 2147483647;
			files = (
				43CC77F621F5164400D8A500 /* Paragraph.swift in Sources */,
				43CC77F521F515A700D8A500 /* IOWriter.swift in Sources */,
				43CC77F121F514CF00D8A500 /* Parser.swift in Sources */,
				43CC77E621F2213800D8A500 /* ScannerWrapper.swift in Sources */,
				430EB9CA21F212A4004B09E0 /* ScannerWrapperTests.swift in Sources */,
				43CC77F021F514B000D8A500 /* ParserTests.swift in Sources */,
				43CC77F421F5158800D8A500 /* MockIOWriter.swift in Sources */,
			);
			runOnlyForDeploymentPostprocessing = 0;
		};
/* End PBXSourcesBuildPhase section */

/* Begin PBXTargetDependency section */
		43CC77E521F2159900D8A500 /* PBXTargetDependency */ = {
			isa = PBXTargetDependency;
			target = 430EB99A21F0D92A004B09E0 /* CYOA */;
			targetProxy = 43CC77E421F2159900D8A500 /* PBXContainerItemProxy */;
		};
/* End PBXTargetDependency section */

/* Begin XCBuildConfiguration section */
		430EB9A021F0D92A004B09E0 /* Debug */ = {
			isa = XCBuildConfiguration;
			buildSettings = {
				ALWAYS_SEARCH_USER_PATHS = NO;
				CLANG_ANALYZER_NONNULL = YES;
				CLANG_ANALYZER_NUMBER_OBJECT_CONVERSION = YES_AGGRESSIVE;
				CLANG_CXX_LANGUAGE_STANDARD = "gnu++14";
				CLANG_CXX_LIBRARY = "libc++";
				CLANG_ENABLE_MODULES = YES;
				CLANG_ENABLE_OBJC_ARC = YES;
				CLANG_ENABLE_OBJC_WEAK = YES;
				CLANG_WARN_BLOCK_CAPTURE_AUTORELEASING = YES;
				CLANG_WARN_BOOL_CONVERSION = YES;
				CLANG_WARN_COMMA = YES;
				CLANG_WARN_CONSTANT_CONVERSION = YES;
				CLANG_WARN_DEPRECATED_OBJC_IMPLEMENTATIONS = YES;
				CLANG_WARN_DIRECT_OBJC_ISA_USAGE = YES_ERROR;
				CLANG_WARN_DOCUMENTATION_COMMENTS = YES;
				CLANG_WARN_EMPTY_BODY = YES;
				CLANG_WARN_ENUM_CONVERSION = YES;
				CLANG_WARN_INFINITE_RECURSION = YES;
				CLANG_WARN_INT_CONVERSION = YES;
				CLANG_WARN_NON_LITERAL_NULL_CONVERSION = YES;
				CLANG_WARN_OBJC_IMPLICIT_RETAIN_SELF = YES;
				CLANG_WARN_OBJC_LITERAL_CONVERSION = YES;
				CLANG_WARN_OBJC_ROOT_CLASS = YES_ERROR;
				CLANG_WARN_RANGE_LOOP_ANALYSIS = YES;
				CLANG_WARN_STRICT_PROTOTYPES = YES;
				CLANG_WARN_SUSPICIOUS_MOVE = YES;
				CLANG_WARN_UNGUARDED_AVAILABILITY = YES_AGGRESSIVE;
				CLANG_WARN_UNREACHABLE_CODE = YES;
				CLANG_WARN__DUPLICATE_METHOD_MATCH = YES;
				CODE_SIGN_IDENTITY = "-";
				COPY_PHASE_STRIP = NO;
				DEBUG_INFORMATION_FORMAT = dwarf;
				ENABLE_STRICT_OBJC_MSGSEND = YES;
				ENABLE_TESTABILITY = YES;
				GCC_C_LANGUAGE_STANDARD = gnu11;
				GCC_DYNAMIC_NO_PIC = NO;
				GCC_NO_COMMON_BLOCKS = YES;
				GCC_OPTIMIZATION_LEVEL = 0;
				GCC_PREPROCESSOR_DEFINITIONS = (
					"DEBUG=1",
					"$(inherited)",
				);
				GCC_WARN_64_TO_32_BIT_CONVERSION = YES;
				GCC_WARN_ABOUT_RETURN_TYPE = YES_ERROR;
				GCC_WARN_UNDECLARED_SELECTOR = YES;
				GCC_WARN_UNINITIALIZED_AUTOS = YES_AGGRESSIVE;
				GCC_WARN_UNUSED_FUNCTION = YES;
				GCC_WARN_UNUSED_VARIABLE = YES;
				MACOSX_DEPLOYMENT_TARGET = 10.14;
				MTL_ENABLE_DEBUG_INFO = INCLUDE_SOURCE;
				MTL_FAST_MATH = YES;
				ONLY_ACTIVE_ARCH = YES;
				SDKROOT = macosx;
				SWIFT_ACTIVE_COMPILATION_CONDITIONS = DEBUG;
				SWIFT_OPTIMIZATION_LEVEL = "-Onone";
			};
			name = Debug;
		};
		430EB9A121F0D92A004B09E0 /* Release */ = {
			isa = XCBuildConfiguration;
			buildSettings = {
				ALWAYS_SEARCH_USER_PATHS = NO;
				CLANG_ANALYZER_NONNULL = YES;
				CLANG_ANALYZER_NUMBER_OBJECT_CONVERSION = YES_AGGRESSIVE;
				CLANG_CXX_LANGUAGE_STANDARD = "gnu++14";
				CLANG_CXX_LIBRARY = "libc++";
				CLANG_ENABLE_MODULES = YES;
				CLANG_ENABLE_OBJC_ARC = YES;
				CLANG_ENABLE_OBJC_WEAK = YES;
				CLANG_WARN_BLOCK_CAPTURE_AUTORELEASING = YES;
				CLANG_WARN_BOOL_CONVERSION = YES;
				CLANG_WARN_COMMA = YES;
				CLANG_WARN_CONSTANT_CONVERSION = YES;
				CLANG_WARN_DEPRECATED_OBJC_IMPLEMENTATIONS = YES;
				CLANG_WARN_DIRECT_OBJC_ISA_USAGE = YES_ERROR;
				CLANG_WARN_DOCUMENTATION_COMMENTS = YES;
				CLANG_WARN_EMPTY_BODY = YES;
				CLANG_WARN_ENUM_CONVERSION = YES;
				CLANG_WARN_INFINITE_RECURSION = YES;
				CLANG_WARN_INT_CONVERSION = YES;
				CLANG_WARN_NON_LITERAL_NULL_CONVERSION = YES;
				CLANG_WARN_OBJC_IMPLICIT_RETAIN_SELF = YES;
				CLANG_WARN_OBJC_LITERAL_CONVERSION = YES;
				CLANG_WARN_OBJC_ROOT_CLASS = YES_ERROR;
				CLANG_WARN_RANGE_LOOP_ANALYSIS = YES;
				CLANG_WARN_STRICT_PROTOTYPES = YES;
				CLANG_WARN_SUSPICIOUS_MOVE = YES;
				CLANG_WARN_UNGUARDED_AVAILABILITY = YES_AGGRESSIVE;
				CLANG_WARN_UNREACHABLE_CODE = YES;
				CLANG_WARN__DUPLICATE_METHOD_MATCH = YES;
				CODE_SIGN_IDENTITY = "-";
				COPY_PHASE_STRIP = NO;
				DEBUG_INFORMATION_FORMAT = "dwarf-with-dsym";
				ENABLE_NS_ASSERTIONS = NO;
				ENABLE_STRICT_OBJC_MSGSEND = YES;
				GCC_C_LANGUAGE_STANDARD = gnu11;
				GCC_NO_COMMON_BLOCKS = YES;
				GCC_WARN_64_TO_32_BIT_CONVERSION = YES;
				GCC_WARN_ABOUT_RETURN_TYPE = YES_ERROR;
				GCC_WARN_UNDECLARED_SELECTOR = YES;
				GCC_WARN_UNINITIALIZED_AUTOS = YES_AGGRESSIVE;
				GCC_WARN_UNUSED_FUNCTION = YES;
				GCC_WARN_UNUSED_VARIABLE = YES;
				MACOSX_DEPLOYMENT_TARGET = 10.14;
				MTL_ENABLE_DEBUG_INFO = NO;
				MTL_FAST_MATH = YES;
				SDKROOT = macosx;
				SWIFT_COMPILATION_MODE = wholemodule;
				SWIFT_OPTIMIZATION_LEVEL = "-O";
			};
			name = Release;
		};
		430EB9A321F0D92A004B09E0 /* Debug */ = {
			isa = XCBuildConfiguration;
			buildSettings = {
				CODE_SIGN_STYLE = Automatic;
				PRODUCT_NAME = "$(TARGET_NAME)";
				SWIFT_VERSION = 4.2;
			};
			name = Debug;
		};
		430EB9A421F0D92A004B09E0 /* Release */ = {
			isa = XCBuildConfiguration;
			buildSettings = {
				CODE_SIGN_STYLE = Automatic;
				PRODUCT_NAME = "$(TARGET_NAME)";
				SWIFT_VERSION = 4.2;
			};
			name = Release;
		};
		430EB9C721F210DA004B09E0 /* Debug */ = {
			isa = XCBuildConfiguration;
			buildSettings = {
				CODE_SIGN_STYLE = Automatic;
				COMBINE_HIDPI_IMAGES = YES;
				INFOPLIST_FILE = CYOATests/Info.plist;
				LD_RUNPATH_SEARCH_PATHS = (
					"$(inherited)",
					"@executable_path/../Frameworks",
					"@loader_path/../Frameworks",
				);
				PRODUCT_BUNDLE_IDENTIFIER = thomasw.CYOATests;
				PRODUCT_NAME = "$(TARGET_NAME)";
				SWIFT_VERSION = 4.2;
			};
			name = Debug;
		};
		430EB9C821F210DA004B09E0 /* Release */ = {
			isa = XCBuildConfiguration;
			buildSettings = {
				CODE_SIGN_STYLE = Automatic;
				COMBINE_HIDPI_IMAGES = YES;
				INFOPLIST_FILE = CYOATests/Info.plist;
				LD_RUNPATH_SEARCH_PATHS = (
					"$(inherited)",
					"@executable_path/../Frameworks",
					"@loader_path/../Frameworks",
				);
				PRODUCT_BUNDLE_IDENTIFIER = thomasw.CYOATests;
				PRODUCT_NAME = "$(TARGET_NAME)";
				SWIFT_VERSION = 4.2;
			};
			name = Release;
		};
/* End XCBuildConfiguration section */

/* Begin XCConfigurationList section */
		430EB99621F0D92A004B09E0 /* Build configuration list for PBXProject "CYOA" */ = {
			isa = XCConfigurationList;
			buildConfigurations = (
				430EB9A021F0D92A004B09E0 /* Debug */,
				430EB9A121F0D92A004B09E0 /* Release */,
			);
			defaultConfigurationIsVisible = 0;
			defaultConfigurationName = Release;
		};
		430EB9A221F0D92A004B09E0 /* Build configuration list for PBXNativeTarget "CYOA" */ = {
			isa = XCConfigurationList;
			buildConfigurations = (
				430EB9A321F0D92A004B09E0 /* Debug */,
				430EB9A421F0D92A004B09E0 /* Release */,
			);
			defaultConfigurationIsVisible = 0;
			defaultConfigurationName = Release;
		};
		430EB9C621F210DA004B09E0 /* Build configuration list for PBXNativeTarget "CYOATests" */ = {
			isa = XCConfigurationList;
			buildConfigurations = (
				430EB9C721F210DA004B09E0 /* Debug */,
				430EB9C821F210DA004B09E0 /* Release */,
			);
			defaultConfigurationIsVisible = 0;
			defaultConfigurationName = Release;
		};
/* End XCConfigurationList section */
	};
	rootObject = 430EB99321F0D92A004B09E0 /* Project object */;
}
